
Microsoft Visual Studio Solution File, Format Version 12.00
# Visual Studio Version 17
VisualStudioVersion = 17.6.33723.286
MinimumVisualStudioVersion = 10.0.40219.1
Project("{9A19103F-16F7-4668-BE54-9A1E7A4F7556}") = "Estapar.Garagens.Api", "Estapar.Garagens.Api\Estapar.Garagens.Api.csproj", "{4E66BA24-165B-4630-B019-F102E3EFB023}"
EndProject
Project("{9A19103F-16F7-4668-BE54-9A1E7A4F7556}") = "Estapar.Garagens.Domain", "Estapar.Garagens.Domain\Estapar.Garagens.Domain.csproj", "{42C48957-8637-47EF-AA60-B6C4C6B4DCEB}"
EndProject
Project("{9A19103F-16F7-4668-BE54-9A1E7A4F7556}") = "Estapar.Garagens.Infrastructure", "Estapar.Garagens.Infrastructure\Estapar.Garagens.Infrastructure.csproj", "{574CFF74-1C65-4BAC-8460-A1315C8D77CA}"
EndProject
Project("{9A19103F-16F7-4668-BE54-9A1E7A4F7556}") = "Estapar.Garagens.Application", "Estapar.Garagens.Application\Estapar.Garagens.Application.csproj", "{E97C21CD-4524-416C-BF3D-AF42F3879263}"
EndProject
Project("{9A19103F-16F7-4668-BE54-9A1E7A4F7556}") = "Estapar.Garagens.IoC", "Estapar.Garagens.IoC\Estapar.Garagens.IoC.csproj", "{FD3D7237-5A88-4AF8-AEED-6C96D756EEBD}"
EndProject
Project("{2150E333-8FDC-42A3-9474-1A3956D46DE8}") = "Estapar.Garagens.postman_collection", "Estapar.Garagens.postman_collection", "{8C6A5B3E-DE57-49B8-9E69-BFC7DF2E7EDB}"
	ProjectSection(SolutionItems) = preProject
		..\Garagem.postman_collection.json = ..\Garagem.postman_collection.json
	EndProjectSection
EndProject
Global
	GlobalSection(SolutionConfigurationPlatforms) = preSolution
		Debug|Any CPU = Debug|Any CPU
		Release|Any CPU = Release|Any CPU
	EndGlobalSection
	GlobalSection(ProjectConfigurationPlatforms) = postSolution
		{4E66BA24-165B-4630-B019-F102E3EFB023}.Debug|Any CPU.ActiveCfg = Debug|Any CPU
		{4E66BA24-165B-4630-B019-F102E3EFB023}.Debug|Any CPU.Build.0 = Debug|Any CPU
		{4E66BA24-165B-4630-B019-F102E3EFB023}.Release|Any CPU.ActiveCfg = Release|Any CPU
		{4E66BA24-165B-4630-B019-F102E3EFB023}.Release|Any CPU.Build.0 = Release|Any CPU
		{42C48957-8637-47EF-AA60-B6C4C6B4DCEB}.Debug|Any CPU.ActiveCfg = Debug|Any CPU
		{42C48957-8637-47EF-AA60-B6C4C6B4DCEB}.Debug|Any CPU.Build.0 = Debug|Any CPU
		{42C48957-8637-47EF-AA60-B6C4C6B4DCEB}.Release|Any CPU.ActiveCfg = Release|Any CPU
		{42C48957-8637-47EF-AA60-B6C4C6B4DCEB}.Release|Any CPU.Build.0 = Release|Any CPU
		{574CFF74-1C65-4BAC-8460-A1315C8D77CA}.Debug|Any CPU.ActiveCfg = Debug|Any CPU
		{574CFF74-1C65-4BAC-8460-A1315C8D77CA}.Debug|Any CPU.Build.0 = Debug|Any CPU
		{574CFF74-1C65-4BAC-8460-A1315C8D77CA}.Release|Any CPU.ActiveCfg = Release|Any CPU
		{574CFF74-1C65-4BAC-8460-A1315C8D77CA}.Release|Any CPU.Build.0 = Release|Any CPU
		{E97C21CD-4524-416C-BF3D-AF42F3879263}.Debug|Any CPU.ActiveCfg = Debug|Any CPU
		{E97C21CD-4524-416C-BF3D-AF42F3879263}.Debug|Any CPU.Build.0 = Debug|Any CPU
		{E97C21CD-4524-416C-BF3D-AF42F3879263}.Release|Any CPU.ActiveCfg = Release|Any CPU
		{E97C21CD-4524-416C-BF3D-AF42F3879263}.Release|Any CPU.Build.0 = Release|Any CPU
		{FD3D7237-5A88-4AF8-AEED-6C96D756EEBD}.Debug|Any CPU.ActiveCfg = Debug|Any CPU
		{FD3D7237-5A88-4AF8-AEED-6C96D756EEBD}.Debug|Any CPU.Build.0 = Debug|Any CPU
		{FD3D7237-5A88-4AF8-AEED-6C96D756EEBD}.Release|Any CPU.ActiveCfg = Release|Any CPU
		{FD3D7237-5A88-4AF8-AEED-6C96D756EEBD}.Release|Any CPU.Build.0 = Release|Any CPU
	EndGlobalSection
	GlobalSection(SolutionProperties) = preSolution
		HideSolutionNode = FALSE
	EndGlobalSection
	GlobalSection(ExtensibilityGlobals) = postSolution
		SolutionGuid = {F116090D-7542-486A-974D-0E0D11641878}
	EndGlobalSection
EndGlobal
